
Microsoft Visual Studio Solution File, Format Version 12.00
# Visual Studio Version 17
VisualStudioVersion = 17.0.31820.362
MinimumVisualStudioVersion = 10.0.40219.1
Project("{2150E333-8FDC-42A3-9474-1A3956D46DE8}") = "src", "src", "{25518C7E-BA9B-4F1D-9962-8A81528BE6EB}"
	ProjectSection(SolutionItems) = preProject
		src\Directory.Build.props = src\Directory.Build.props
	EndProjectSection
EndProject
Project("{9A19103F-16F7-4668-BE54-9A1E7A4F7556}") = "MinimalApis.Extensions", "src\MinimalApis.Extensions\MinimalApis.Extensions.csproj", "{FD354BF3-40AB-4EC1-A356-2C8FE728BE88}"
EndProject
Project("{2150E333-8FDC-42A3-9474-1A3956D46DE8}") = "Solution Items", "Solution Items", "{828C4A12-542D-44C8-B3B8-8B412B150036}"
	ProjectSection(SolutionItems) = preProject
		.editorconfig = .editorconfig
		Directory.Build.props = Directory.Build.props
		global.json = global.json
	EndProjectSection
EndProject
Global
	GlobalSection(SolutionConfigurationPlatforms) = preSolution
		Debug|Any CPU = Debug|Any CPU
		Release|Any CPU = Release|Any CPU
	EndGlobalSection
	GlobalSection(ProjectConfigurationPlatforms) = postSolution
		{FD354BF3-40AB-4EC1-A356-2C8FE728BE88}.Debug|Any CPU.ActiveCfg = Debug|Any CPU
		{FD354BF3-40AB-4EC1-A356-2C8FE728BE88}.Debug|Any CPU.Build.0 = Debug|Any CPU
		{FD354BF3-40AB-4EC1-A356-2C8FE728BE88}.Release|Any CPU.ActiveCfg = Release|Any CPU
		{FD354BF3-40AB-4EC1-A356-2C8FE728BE88}.Release|Any CPU.Build.0 = Release|Any CPU
	EndGlobalSection
	GlobalSection(SolutionProperties) = preSolution
		HideSolutionNode = FALSE
	EndGlobalSection
	GlobalSection(NestedProjects) = preSolution
		{FD354BF3-40AB-4EC1-A356-2C8FE728BE88} = {25518C7E-BA9B-4F1D-9962-8A81528BE6EB}
	EndGlobalSection
	GlobalSection(ExtensibilityGlobals) = postSolution
		SolutionGuid = {72796434-AD5B-426F-A0BE-0B08B3B611D2}
	EndGlobalSection
EndGlobal
